# This file is autogenerated, do not edit; changes may be undone by the next 'dep ensure'.


[[projects]]
  name = "github.com/aws/aws-lambda-go"
  packages = [
    "lambda",
    "lambda/messages",
    "lambdacontext"
  ]
  revision = "fafa7e49388b8991caf99308e80655ba91816b72"
  version = "v1.1.0"

[[projects]]
  name = "github.com/aws/aws-sdk-go"
  packages = [
    "aws",
    "aws/awserr",
    "aws/awsutil",
    "aws/client",
    "aws/client/metadata",
    "aws/credentials",
    "aws/endpoints",
    "aws/request",
    "aws/signer/v4",
    "internal/sdkrand",
    "internal/shareddefaults",
    "private/protocol",
    "private/protocol/query",
    "private/protocol/query/queryutil",
    "private/protocol/rest",
    "private/protocol/xml/xmlutil",
    "service/sts"
  ]
  revision = "bff41fb23b7550368282029f6478819d6a99ae0f"
  version = "v1.12.79"

[[projects]]
  name = "github.com/go-ini/ini"
  packages = ["."]
  revision = "32e4c1e6bc4e7d0d8451aa6b75200d19e37a536a"
  version = "v1.32.0"

[[projects]]
  name = "github.com/jmespath/go-jmespath"
  packages = ["."]
  revision = "0b12d6b5"

[solve-meta]
  analyzer-name = "dep"
  analyzer-version = 1
  inputs-digest = "436a2885458badad3dfed23c6941d297e7932892d3c3d7bf5240a4d0aba0d694"
  solver-name = "gps-cdcl"
  solver-version = 1
